
Microsoft Visual Studio Solution File, Format Version 12.00
# Visual Studio Version 17
VisualStudioVersion = 17.4.33205.214
MinimumVisualStudioVersion = 10.0.40219.1
Project("{FAE04EC0-301F-11D3-BF4B-00C04F79EFBC}") = "DesiredVersionResourcepacks", "DesiredVersionResourcepacks.csproj", "{938B55A2-40CC-4D8B-9410-AE3BE67867B9}"
EndProject
Global
	GlobalSection(SolutionConfigurationPlatforms) = preSolution
		Debug|Any CPU = Debug|Any CPU
		Release|Any CPU = Release|Any CPU
	EndGlobalSection
	GlobalSection(ProjectConfigurationPlatforms) = postSolution
		{938B55A2-40CC-4D8B-9410-AE3BE67867B9}.Debug|Any CPU.ActiveCfg = Debug|Any CPU
		{938B55A2-40CC-4D8B-9410-AE3BE67867B9}.Debug|Any CPU.Build.0 = Debug|Any CPU
		{938B55A2-40CC-4D8B-9410-AE3BE67867B9}.Release|Any CPU.ActiveCfg = Release|Any CPU
		{938B55A2-40CC-4D8B-9410-AE3BE67867B9}.Release|Any CPU.Build.0 = Release|Any CPU
	EndGlobalSection
	GlobalSection(SolutionProperties) = preSolution
		HideSolutionNode = FALSE
	EndGlobalSection
	GlobalSection(ExtensibilityGlobals) = postSolution
		SolutionGuid = {B41ED347-0915-4BFF-8707-EE44C9F3A460}
	EndGlobalSection
EndGlobal
